
Microsoft Visual Studio Solution File, Format Version 12.00
# Visual Studio Version 16
VisualStudioVersion = 16.0.31313.79
MinimumVisualStudioVersion = 10.0.40219.1
Project("{FAE04EC0-301F-11D3-BF4B-00C04F79EFBC}") = "FreeStuff", "FreeStuff\FreeStuff.csproj", "{5A9024B2-8954-4BFB-A02C-9CB1554C20A5}"
EndProject
Project("{FAE04EC0-301F-11D3-BF4B-00C04F79EFBC}") = "LogisticsSubnets", "LogisticsSubnets\LogisticsSubnets.csproj", "{3B840644-CC59-4087-8D4A-E47537F6E645}"
EndProject
Global
	GlobalSection(SolutionConfigurationPlatforms) = preSolution
		Debug|Any CPU = Debug|Any CPU
		Release|Any CPU = Release|Any CPU
	EndGlobalSection
	GlobalSection(ProjectConfigurationPlatforms) = postSolution
		{5A9024B2-8954-4BFB-A02C-9CB1554C20A5}.Debug|Any CPU.ActiveCfg = Debug|Any CPU
		{5A9024B2-8954-4BFB-A02C-9CB1554C20A5}.Debug|Any CPU.Build.0 = Debug|Any CPU
		{5A9024B2-8954-4BFB-A02C-9CB1554C20A5}.Release|Any CPU.ActiveCfg = Release|Any CPU
		{5A9024B2-8954-4BFB-A02C-9CB1554C20A5}.Release|Any CPU.Build.0 = Release|Any CPU
		{3B840644-CC59-4087-8D4A-E47537F6E645}.Debug|Any CPU.ActiveCfg = Debug|Any CPU
		{3B840644-CC59-4087-8D4A-E47537F6E645}.Debug|Any CPU.Build.0 = Debug|Any CPU
		{3B840644-CC59-4087-8D4A-E47537F6E645}.Release|Any CPU.ActiveCfg = Release|Any CPU
		{3B840644-CC59-4087-8D4A-E47537F6E645}.Release|Any CPU.Build.0 = Release|Any CPU
	EndGlobalSection
	GlobalSection(SolutionProperties) = preSolution
		HideSolutionNode = FALSE
	EndGlobalSection
	GlobalSection(ExtensibilityGlobals) = postSolution
		SolutionGuid = {5444DB26-DBFA-487D-ADD8-F953C587E52C}
	EndGlobalSection
EndGlobal
